// !$*UTF8*$!
{
	archiveVersion = 1;
	classes = {
	};
	objectVersion = 48;
	objects = {

/* Begin PBXBuildFile section */
		DEF802D51FFC36C10071E533 /* AppDelegate.swift in Sources */ = {isa = PBXBuildFile; fileRef = DEF802D41FFC36C10071E533 /* AppDelegate.swift */; };
		DEF802D71FFC36C10071E533 /* ViewController.swift in Sources */ = {isa = PBXBuildFile; fileRef = DEF802D61FFC36C10071E533 /* ViewController.swift */; };
		DEF802DA1FFC36C10071E533 /* Main.storyboard in Resources */ = {isa = PBXBuildFile; fileRef = DEF802D81FFC36C10071E533 /* Main.storyboard */; };
		DEF802DC1FFC36C10071E533 /* Assets.xcassets in Resources */ = {isa = PBXBuildFile; fileRef = DEF802DB1FFC36C10071E533 /* Assets.xcassets */; };
		DEF802DF1FFC36C10071E533 /* LaunchScreen.storyboard in Resources */ = {isa = PBXBuildFile; fileRef = DEF802DD1FFC36C10071E533 /* LaunchScreen.storyboard */; };
		DEF802EA1FFC36C10071E533 /* Cat_YearsTests.swift in Sources */ = {isa = PBXBuildFile; fileRef = DEF802E91FFC36C10071E533 /* Cat_YearsTests.swift */; };
		DEF802F51FFC36C10071E533 /* Cat_YearsUITests.swift in Sources */ = {isa = PBXBuildFile; fileRef = DEF802F41FFC36C10071E533 /* Cat_YearsUITests.swift */; };
/* End PBXBuildFile section */

/* Begin PBXContainerItemProxy section */
		DEF802E61FFC36C10071E533 /* PBXContainerItemProxy */ = {
			isa = PBXContainerItemProxy;
			containerPortal = DEF802C91FFC36C10071E533 /* Project object */;
			proxyType = 1;
			remoteGlobalIDString = DEF802D01FFC36C10071E533;
			remoteInfo = "Cat Years";
		};
		DEF802F11FFC36C10071E533 /* PBXContainerItemProxy */ = {
			isa = PBXContainerItemProxy;
			containerPortal = DEF802C91FFC36C10071E533 /* Project object */;
			proxyType = 1;
			remoteGlobalIDString = DEF802D01FFC36C10071E533;
			remoteInfo = "Cat Years";
		};
/* End PBXContainerItemProxy section */

/* Begin PBXFileReference section */
		DEF802D11FFC36C10071E533 /* Cat Years.app */ = {isa = PBXFileReference; explicitFileType = wrapper.application; includeInIndex = 0; path = "Cat Years.app"; sourceTree = BUILT_PRODUCTS_DIR; };
		DEF802D41FFC36C10071E533 /* AppDelegate.swift */ = {isa = PBXFileReference; lastKnownFileType = sourcecode.swift; path = AppDelegate.swift; sourceTree = "<group>"; };
		DEF802D61FFC36C10071E533 /* ViewController.swift */ = {isa = PBXFileReference; lastKnownFileType = sourcecode.swift; path = ViewController.swift; sourceTree = "<group>"; };
		DEF802D91FFC36C10071E533 /* Base */ = {isa = PBXFileReference; lastKnownFileType = file.storyboard; name = Base; path = Base.lproj/Main.storyboard; sourceTree = "<group>"; };
		DEF802DB1FFC36C10071E533 /* Assets.xcassets */ = {isa = PBXFileReference; lastKnownFileType = folder.assetcatalog; path = Assets.xcassets; sourceTree = "<group>"; };
		DEF802DE1FFC36C10071E533 /* Base */ = {isa = PBXFileReference; lastKnownFileType = file.storyboard; name = Base; path = Base.lproj/LaunchScreen.storyboard; sourceTree = "<group>"; };
		DEF802E01FFC36C10071E533 /* Info.plist */ = {isa = PBXFileReference; lastKnownFileType = text.plist.xml; path = Info.plist; sourceTree = "<group>"; };
		DEF802E51FFC36C10071E533 /* Cat YearsTests.xctest */ = {isa = PBXFileReference; explicitFileType = wrapper.cfbundle; includeInIndex = 0; path = "Cat YearsTests.xctest"; sourceTree = BUILT_PRODUCTS_DIR; };
		DEF802E91FFC36C10071E533 /* Cat_YearsTests.swift */ = {isa = PBXFileReference; lastKnownFileType = sourcecode.swift; path = Cat_YearsTests.swift; sourceTree = "<group>"; };
		DEF802EB1FFC36C10071E533 /* Info.plist */ = {isa = PBXFileReference; lastKnownFileType = text.plist.xml; path = Info.plist; sourceTree = "<group>"; };
		DEF802F01FFC36C10071E533 /* Cat YearsUITests.xctest */ = {isa = PBXFileReference; explicitFileType = wrapper.cfbundle; includeInIndex = 0; path = "Cat YearsUITests.xctest"; sourceTree = BUILT_PRODUCTS_DIR; };
		DEF802F41FFC36C10071E533 /* Cat_YearsUITests.swift */ = {isa = PBXFileReference; lastKnownFileType = sourcecode.swift; path = Cat_YearsUITests.swift; sourceTree = "<group>"; };
		DEF802F61FFC36C10071E533 /* Info.plist */ = {isa = PBXFileReference; lastKnownFileType = text.plist.xml; path = Info.plist; sourceTree = "<group>"; };
/* End PBXFileReference section */

/* Begin PBXFrameworksBuildPhase section */
		DEF802CE1FFC36C10071E533 /* Frameworks */ = {
			isa = PBXFrameworksBuildPhase;
			buildActionMask = 2147483647;
			files = (
			);
			runOnlyForDeploymentPostprocessing = 0;
		};
		DEF802E21FFC36C10071E533 /* Frameworks */ = {
			isa = PBXFrameworksBuildPhase;
			buildActionMask = 2147483647;
			files = (
			);
			runOnlyForDeploymentPostprocessing = 0;
		};
		DEF802ED1FFC36C10071E533 /* Frameworks */ = {
			isa = PBXFrameworksBuildPhase;
			buildActionMask = 2147483647;
			files = (
			);
			runOnlyForDeploymentPostprocessing = 0;
		};
/* End PBXFrameworksBuildPhase section */

/* Begin PBXGroup section */
		DEF802C81FFC36C10071E533 = {
			isa = PBXGroup;
			children = (
				DEF802D31FFC36C10071E533 /* Cat Years */,
				DEF802E81FFC36C10071E533 /* Cat YearsTests */,
				DEF802F31FFC36C10071E533 /* Cat YearsUITests */,
				DEF802D21FFC36C10071E533 /* Products */,
			);
			sourceTree = "<group>";
		};
		DEF802D21FFC36C10071E533 /* Products */ = {
			isa = PBXGroup;
			children = (
				DEF802D11FFC36C10071E533 /* Cat Years.app */,
				DEF802E51FFC36C10071E533 /* Cat YearsTests.xctest */,
				DEF802F01FFC36C10071E533 /* Cat YearsUITests.xctest */,
			);
			name = Products;
			sourceTree = "<group>";
		};
		DEF802D31FFC36C10071E533 /* Cat Years */ = {
			isa = PBXGroup;
			children = (
				DEF802D41FFC36C10071E533 /* AppDelegate.swift */,
				DEF802D61FFC36C10071E533 /* ViewController.swift */,
				DEF802D81FFC36C10071E533 /* Main.storyboard */,
				DEF802DB1FFC36C10071E533 /* Assets.xcassets */,
				DEF802DD1FFC36C10071E533 /* LaunchScreen.storyboard */,
				DEF802E01FFC36C10071E533 /* Info.plist */,
			);
			path = "Cat Years";
			sourceTree = "<group>";
		};
		DEF802E81FFC36C10071E533 /* Cat YearsTests */ = {
			isa = PBXGroup;
			children = (
				DEF802E91FFC36C10071E533 /* Cat_YearsTests.swift */,
				DEF802EB1FFC36C10071E533 /* Info.plist */,
			);
			path = "Cat YearsTests";
			sourceTree = "<group>";
		};
		DEF802F31FFC36C10071E533 /* Cat YearsUITests */ = {
			isa = PBXGroup;
			children = (
				DEF802F41FFC36C10071E533 /* Cat_YearsUITests.swift */,
				DEF802F61FFC36C10071E533 /* Info.plist */,
			);
			path = "Cat YearsUITests";
			sourceTree = "<group>";
		};
/* End PBXGroup section */

/* Begin PBXNativeTarget section */
		DEF802D01FFC36C10071E533 /* Cat Years */ = {
			isa = PBXNativeTarget;
			buildConfigurationList = DEF802F91FFC36C10071E533 /* Build configuration list for PBXNativeTarget "Cat Years" */;
			buildPhases = (
				DEF802CD1FFC36C10071E533 /* Sources */,
				DEF802CE1FFC36C10071E533 /* Frameworks */,
				DEF802CF1FFC36C10071E533 /* Resources */,
			);
			buildRules = (
			);
			dependencies = (
			);
			name = "Cat Years";
			productName = "Cat Years";
			productReference = DEF802D11FFC36C10071E533 /* Cat Years.app */;
			productType = "com.apple.product-type.application";
		};
		DEF802E41FFC36C10071E533 /* Cat YearsTests */ = {
			isa = PBXNativeTarget;
			buildConfigurationList = DEF802FC1FFC36C10071E533 /* Build configuration list for PBXNativeTarget "Cat YearsTests" */;
			buildPhases = (
				DEF802E11FFC36C10071E533 /* Sources */,
				DEF802E21FFC36C10071E533 /* Frameworks */,
				DEF802E31FFC36C10071E533 /* Resources */,
			);
			buildRules = (
			);
			dependencies = (
				DEF802E71FFC36C10071E533 /* PBXTargetDependency */,
			);
			name = "Cat YearsTests";
			productName = "Cat YearsTests";
			productReference = DEF802E51FFC36C10071E533 /* Cat YearsTests.xctest */;
			productType = "com.apple.product-type.bundle.unit-test";
		};
		DEF802EF1FFC36C10071E533 /* Cat YearsUITests */ = {
			isa = PBXNativeTarget;
			buildConfigurationList = DEF802FF1FFC36C10071E533 /* Build configuration list for PBXNativeTarget "Cat YearsUITests" */;
			buildPhases = (
				DEF802EC1FFC36C10071E533 /* Sources */,
				DEF802ED1FFC36C10071E533 /* Frameworks */,
				DEF802EE1FFC36C10071E533 /* Resources */,
			);
			buildRules = (
			);
			dependencies = (
				DEF802F21FFC36C10071E533 /* PBXTargetDependency */,
			);
			name = "Cat YearsUITests";
			productName = "Cat YearsUITests";
			productReference = DEF802F01FFC36C10071E533 /* Cat YearsUITests.xctest */;
			productType = "com.apple.product-type.bundle.ui-testing";
		};
/* End PBXNativeTarget section */

/* Begin PBXProject section */
		DEF802C91FFC36C10071E533 /* Project object */ = {
			isa = PBXProject;
			attributes = {
				LastSwiftUpdateCheck = 0920;
				LastUpgradeCheck = 0920;
				ORGANIZATIONNAME = "Maitri Shah";
				TargetAttributes = {
					DEF802D01FFC36C10071E533 = {
						CreatedOnToolsVersion = 9.2;
						ProvisioningStyle = Automatic;
					};
					DEF802E41FFC36C10071E533 = {
						CreatedOnToolsVersion = 9.2;
						ProvisioningStyle = Automatic;
						TestTargetID = DEF802D01FFC36C10071E533;
					};
					DEF802EF1FFC36C10071E533 = {
						CreatedOnToolsVersion = 9.2;
						ProvisioningStyle = Automatic;
						TestTargetID = DEF802D01FFC36C10071E533;
					};
				};
			};
			buildConfigurationList = DEF802CC1FFC36C10071E533 /* Build configuration list for PBXProject "Cat Years" */;
			compatibilityVersion = "Xcode 8.0";
			developmentRegion = en;
			hasScannedForEncodings = 0;
			knownRegions = (
				en,
				Base,
			);
			mainGroup = DEF802C81FFC36C10071E533;
			productRefGroup = DEF802D21FFC36C10071E533 /* Products */;
			projectDirPath = "";
			projectRoot = "";
			targets = (
				DEF802D01FFC36C10071E533 /* Cat Years */,
				DEF802E41FFC36C10071E533 /* Cat YearsTests */,
				DEF802EF1FFC36C10071E533 /* Cat YearsUITests */,
			);
		};
/* End PBXProject section */

/* Begin PBXResourcesBuildPhase section */
		DEF802CF1FFC36C10071E533 /* Resources */ = {
			isa = PBXResourcesBuildPhase;
			buildActionMask = 2147483647;
			files = (
				DEF802DF1FFC36C10071E533 /* LaunchScreen.storyboard in Resources */,
				DEF802DC1FFC36C10071E533 /* Assets.xcassets in Resources */,
				DEF802DA1FFC36C10071E533 /* Main.storyboard in Resources */,
			);
			runOnlyForDeploymentPostprocessing = 0;
		};
		DEF802E31FFC36C10071E533 /* Resources */ = {
			isa = PBXResourcesBuildPhase;
			buildActionMask = 2147483647;
			files = (
			);
			runOnlyForDeploymentPostprocessing = 0;
		};
		DEF802EE1FFC36C10071E533 /* Resources */ = {
			isa = PBXResourcesBuildPhase;
			buildActionMask = 2147483647;
			files = (
			);
			runOnlyForDeploymentPostprocessing = 0;
		};
/* End PBXResourcesBuildPhase section */

/* Begin PBXSourcesBuildPhase section */
		DEF802CD1FFC36C10071E533 /* Sources */ = {
			isa = PBXSourcesBuildPhase;
			buildActionMask = 2147483647;
			files = (
				DEF802D71FFC36C10071E533 /* ViewController.swift in Sources */,
				DEF802D51FFC36C10071E533 /* AppDelegate.swift in Sources */,
			);
			runOnlyForDeploymentPostprocessing = 0;
		};
		DEF802E11FFC36C10071E533 /* Sources */ = {
			isa = PBXSourcesBuildPhase;
			buildActionMask = 2147483647;
			files = (
				DEF802EA1FFC36C10071E533 /* Cat_YearsTests.swift in Sources */,
			);
			runOnlyForDeploymentPostprocessing = 0;
		};
		DEF802EC1FFC36C10071E533 /* Sources */ = {
			isa = PBXSourcesBuildPhase;
			buildActionMask = 2147483647;
			files = (
				DEF802F51FFC36C10071E533 /* Cat_YearsUITests.swift in Sources */,
			);
			runOnlyForDeploymentPostprocessing = 0;
		};
/* End PBXSourcesBuildPhase section */

/* Begin PBXTargetDependency section */
		DEF802E71FFC36C10071E533 /* PBXTargetDependency */ = {
			isa = PBXTargetDependency;
			target = DEF802D01FFC36C10071E533 /* Cat Years */;
			targetProxy = DEF802E61FFC36C10071E533 /* PBXContainerItemProxy */;
		};
		DEF802F21FFC36C10071E533 /* PBXTargetDependency */ = {
			isa = PBXTargetDependency;
			target = DEF802D01FFC36C10071E533 /* Cat Years */;
			targetProxy = DEF802F11FFC36C10071E533 /* PBXContainerItemProxy */;
		};
/* End PBXTargetDependency section */

/* Begin PBXVariantGroup section */
		DEF802D81FFC36C10071E533 /* Main.storyboard */ = {
			isa = PBXVariantGroup;
			children = (
				DEF802D91FFC36C10071E533 /* Base */,
			);
			name = Main.storyboard;
			sourceTree = "<group>";
		};
		DEF802DD1FFC36C10071E533 /* LaunchScreen.storyboard */ = {
			isa = PBXVariantGroup;
			children = (
				DEF802DE1FFC36C10071E533 /* Base */,
			);
			name = LaunchScreen.storyboard;
			sourceTree = "<group>";
		};
/* End PBXVariantGroup section */

/* Begin XCBuildConfiguration section */
		DEF802F71FFC36C10071E533 /* Debug */ = {
			isa = XCBuildConfiguration;
			buildSettings = {
				ALWAYS_SEARCH_USER_PATHS = NO;
				CLANG_ANALYZER_NONNULL = YES;
				CLANG_ANALYZER_NUMBER_OBJECT_CONVERSION = YES_AGGRESSIVE;
				CLANG_CXX_LANGUAGE_STANDARD = "gnu++14";
				CLANG_CXX_LIBRARY = "libc++";
				CLANG_ENABLE_MODULES = YES;
				CLANG_ENABLE_OBJC_ARC = YES;
				CLANG_WARN_BLOCK_CAPTURE_AUTORELEASING = YES;
				CLANG_WARN_BOOL_CONVERSION = YES;
				CLANG_WARN_COMMA = YES;
				CLANG_WARN_CONSTANT_CONVERSION = YES;
				CLANG_WARN_DIRECT_OBJC_ISA_USAGE = YES_ERROR;
				CLANG_WARN_DOCUMENTATION_COMMENTS = YES;
				CLANG_WARN_EMPTY_BODY = YES;
				CLANG_WARN_ENUM_CONVERSION = YES;
				CLANG_WARN_INFINITE_RECURSION = YES;
				CLANG_WARN_INT_CONVERSION = YES;
				CLANG_WARN_NON_LITERAL_NULL_CONVERSION = YES;
				CLANG_WARN_OBJC_LITERAL_CONVERSION = YES;
				CLANG_WARN_OBJC_ROOT_CLASS = YES_ERROR;
				CLANG_WARN_RANGE_LOOP_ANALYSIS = YES;
				CLANG_WARN_STRICT_PROTOTYPES = YES;
				CLANG_WARN_SUSPICIOUS_MOVE = YES;
				CLANG_WARN_UNGUARDED_AVAILABILITY = YES_AGGRESSIVE;
				CLANG_WARN_UNREACHABLE_CODE = YES;
				CLANG_WARN__DUPLICATE_METHOD_MATCH = YES;
				CODE_SIGN_IDENTITY = "iPhone Developer";
				COPY_PHASE_STRIP = NO;
				DEBUG_INFORMATION_FORMAT = dwarf;
				ENABLE_STRICT_OBJC_MSGSEND = YES;
				ENABLE_TESTABILITY = YES;
				GCC_C_LANGUAGE_STANDARD = gnu11;
				GCC_DYNAMIC_NO_PIC = NO;
				GCC_NO_COMMON_BLOCKS = YES;
				GCC_OPTIMIZATION_LEVEL = 0;
				GCC_PREPROCESSOR_DEFINITIONS = (
					"DEBUG=1",
					"$(inherited)",
				);
				GCC_WARN_64_TO_32_BIT_CONVERSION = YES;
				GCC_WARN_ABOUT_RETURN_TYPE = YES_ERROR;
				GCC_WARN_UNDECLARED_SELECTOR = YES;
				GCC_WARN_UNINITIALIZED_AUTOS = YES_AGGRESSIVE;
				GCC_WARN_UNUSED_FUNCTION = YES;
				GCC_WARN_UNUSED_VARIABLE = YES;
				IPHONEOS_DEPLOYMENT_TARGET = 11.2;
				MTL_ENABLE_DEBUG_INFO = YES;
				ONLY_ACTIVE_ARCH = YES;
				SDKROOT = iphoneos;
				SWIFT_ACTIVE_COMPILATION_CONDITIONS = DEBUG;
				SWIFT_OPTIMIZATION_LEVEL = "-Onone";
			};
			name = Debug;
		};
		DEF802F81FFC36C10071E533 /* Release */ = {
			isa = XCBuildConfiguration;
			buildSettings = {
				ALWAYS_SEARCH_USER_PATHS = NO;
				CLANG_ANALYZER_NONNULL = YES;
				CLANG_ANALYZER_NUMBER_OBJECT_CONVERSION = YES_AGGRESSIVE;
				CLANG_CXX_LANGUAGE_STANDARD = "gnu++14";
				CLANG_CXX_LIBRARY = "libc++";
				CLANG_ENABLE_MODULES = YES;
				CLANG_ENABLE_OBJC_ARC = YES;
				CLANG_WARN_BLOCK_CAPTURE_AUTORELEASING = YES;
				CLANG_WARN_BOOL_CONVERSION = YES;
				CLANG_WARN_COMMA = YES;
				CLANG_WARN_CONSTANT_CONVERSION = YES;
				CLANG_WARN_DIRECT_OBJC_ISA_USAGE = YES_ERROR;
				CLANG_WARN_DOCUMENTATION_COMMENTS = YES;
				CLANG_WARN_EMPTY_BODY = YES;
				CLANG_WARN_ENUM_CONVERSION = YES;
				CLANG_WARN_INFINITE_RECURSION = YES;
				CLANG_WARN_INT_CONVERSION = YES;
				CLANG_WARN_NON_LITERAL_NULL_CONVERSION = YES;
				CLANG_WARN_OBJC_LITERAL_CONVERSION = YES;
				CLANG_WARN_OBJC_ROOT_CLASS = YES_ERROR;
				CLANG_WARN_RANGE_LOOP_ANALYSIS = YES;
				CLANG_WARN_STRICT_PROTOTYPES = YES;
				CLANG_WARN_SUSPICIOUS_MOVE = YES;
				CLANG_WARN_UNGUARDED_AVAILABILITY = YES_AGGRESSIVE;
				CLANG_WARN_UNREACHABLE_CODE = YES;
				CLANG_WARN__DUPLICATE_METHOD_MATCH = YES;
				CODE_SIGN_IDENTITY = "iPhone Developer";
				COPY_PHASE_STRIP = NO;
				DEBUG_INFORMATION_FORMAT = "dwarf-with-dsym";
				ENABLE_NS_ASSERTIONS = NO;
				ENABLE_STRICT_OBJC_MSGSEND = YES;
				GCC_C_LANGUAGE_STANDARD = gnu11;
				GCC_NO_COMMON_BLOCKS = YES;
				GCC_WARN_64_TO_32_BIT_CONVERSION = YES;
				GCC_WARN_ABOUT_RETURN_TYPE = YES_ERROR;
				GCC_WARN_UNDECLARED_SELECTOR = YES;
				GCC_WARN_UNINITIALIZED_AUTOS = YES_AGGRESSIVE;
				GCC_WARN_UNUSED_FUNCTION = YES;
				GCC_WARN_UNUSED_VARIABLE = YES;
				IPHONEOS_DEPLOYMENT_TARGET = 11.2;
				MTL_ENABLE_DEBUG_INFO = NO;
				SDKROOT = iphoneos;
				SWIFT_OPTIMIZATION_LEVEL = "-Owholemodule";
				VALIDATE_PRODUCT = YES;
			};
			name = Release;
		};
		DEF802FA1FFC36C10071E533 /* Debug */ = {
			isa = XCBuildConfiguration;
			buildSettings = {
				ASSETCATALOG_COMPILER_APPICON_NAME = AppIcon;
				CODE_SIGN_STYLE = Automatic;
				DEVELOPMENT_TEAM = JK2BX8GUVT;
				INFOPLIST_FILE = "Cat Years/Info.plist";
				LD_RUNPATH_SEARCH_PATHS = "$(inherited) @executable_path/Frameworks";
				PRODUCT_BUNDLE_IDENTIFIER = "com.maitrishah.Cat-Years";
				PRODUCT_NAME = "$(TARGET_NAME)";
				SWIFT_VERSION = 4.0;
				TARGETED_DEVICE_FAMILY = "1,2";
			};
			name = Debug;
		};
		DEF802FB1FFC36C10071E533 /* Release */ = {
			isa = XCBuildConfiguration;
			buildSettings = {
				ASSETCATALOG_COMPILER_APPICON_NAME = AppIcon;
				CODE_SIGN_STYLE = Automatic;
				DEVELOPMENT_TEAM = JK2BX8GUVT;
				INFOPLIST_FILE = "Cat Years/Info.plist";
				LD_RUNPATH_SEARCH_PATHS = "$(inherited) @executable_path/Frameworks";
				PRODUCT_BUNDLE_IDENTIFIER = "com.maitrishah.Cat-Years";
				PRODUCT_NAME = "$(TARGET_NAME)";
				SWIFT_VERSION = 4.0;
				TARGETED_DEVICE_FAMILY = "1,2";
			};
			name = Release;
		};
		DEF802FD1FFC36C10071E533 /* Debug */ = {
			isa = XCBuildConfiguration;
			buildSettings = {
				ALWAYS_EMBED_SWIFT_STANDARD_LIBRARIES = YES;
				BUNDLE_LOADER = "$(TEST_HOST)";
				CODE_SIGN_STYLE = Automatic;
				DEVELOPMENT_TEAM = JK2BX8GUVT;
				INFOPLIST_FILE = "Cat YearsTests/Info.plist";
				LD_RUNPATH_SEARCH_PATHS = "$(inherited) @executable_path/Frameworks @loader_path/Frameworks";
				PRODUCT_BUNDLE_IDENTIFIER = "com.maitrishah.Cat-YearsTests";
				PRODUCT_NAME = "$(TARGET_NAME)";
				SWIFT_VERSION = 4.0;
				TARGETED_DEVICE_FAMILY = "1,2";
				TEST_HOST = "$(BUILT_PRODUCTS_DIR)/Cat Years.app/Cat Years";
			};
			name = Debug;
		};
		DEF802FE1FFC36C10071E533 /* Release */ = {
			isa = XCBuildConfiguration;
			buildSettings = {
				ALWAYS_EMBED_SWIFT_STANDARD_LIBRARIES = YES;
				BUNDLE_LOADER = "$(TEST_HOST)";
				CODE_SIGN_STYLE = Automatic;
				DEVELOPMENT_TEAM = JK2BX8GUVT;
				INFOPLIST_FILE = "Cat YearsTests/Info.plist";
				LD_RUNPATH_SEARCH_PATHS = "$(inherited) @executable_path/Frameworks @loader_path/Frameworks";
				PRODUCT_BUNDLE_IDENTIFIER = "com.maitrishah.Cat-YearsTests";
				PRODUCT_NAME = "$(TARGET_NAME)";
				SWIFT_VERSION = 4.0;
				TARGETED_DEVICE_FAMILY = "1,2";
				TEST_HOST = "$(BUILT_PRODUCTS_DIR)/Cat Years.app/Cat Years";
			};
			name = Release;
		};
		DEF803001FFC36C10071E533 /* Debug */ = {
			isa = XCBuildConfiguration;
			buildSettings = {
				ALWAYS_EMBED_SWIFT_STANDARD_LIBRARIES = YES;
				CODE_SIGN_STYLE = Automatic;
				DEVELOPMENT_TEAM = JK2BX8GUVT;
				INFOPLIST_FILE = "Cat YearsUITests/Info.plist";
				LD_RUNPATH_SEARCH_PATHS = "$(inherited) @executable_path/Frameworks @loader_path/Frameworks";
				PRODUCT_BUNDLE_IDENTIFIER = "com.maitrishah.Cat-YearsUITests";
				PRODUCT_NAME = "$(TARGET_NAME)";
				SWIFT_VERSION = 4.0;
				TARGETED_DEVICE_FAMILY = "1,2";
				TEST_TARGET_NAME = "Cat Years";
			};
			name = Debug;
		};
		DEF803011FFC36C10071E533 /* Release */ = {
			isa = XCBuildConfiguration;
			buildSettings = {
				ALWAYS_EMBED_SWIFT_STANDARD_LIBRARIES = YES;
				CODE_SIGN_STYLE = Automatic;
				DEVELOPMENT_TEAM = JK2BX8GUVT;
				INFOPLIST_FILE = "Cat YearsUITests/Info.plist";
				LD_RUNPATH_SEARCH_PATHS = "$(inherited) @executable_path/Frameworks @loader_path/Frameworks";
				PRODUCT_BUNDLE_IDENTIFIER = "com.maitrishah.Cat-YearsUITests";
				PRODUCT_NAME = "$(TARGET_NAME)";
				SWIFT_VERSION = 4.0;
				TARGETED_DEVICE_FAMILY = "1,2";
				TEST_TARGET_NAME = "Cat Years";
			};
			name = Release;
		};
/* End XCBuildConfiguration section */

/* Begin XCConfigurationList section */
		DEF802CC1FFC36C10071E533 /* Build configuration list for PBXProject "Cat Years" */ = {
			isa = XCConfigurationList;
			buildConfigurations = (
				DEF802F71FFC36C10071E533 /* Debug */,
				DEF802F81FFC36C10071E533 /* Release */,
			);
			defaultConfigurationIsVisible = 0;
			defaultConfigurationName = Release;
		};
		DEF802F91FFC36C10071E533 /* Build configuration list for PBXNativeTarget "Cat Years" */ = {
			isa = XCConfigurationList;
			buildConfigurations = (
				DEF802FA1FFC36C10071E533 /* Debug */,
				DEF802FB1FFC36C10071E533 /* Release */,
			);
			defaultConfigurationIsVisible = 0;
			defaultConfigurationName = Release;
		};
		DEF802FC1FFC36C10071E533 /* Build configuration list for PBXNativeTarget "Cat YearsTests" */ = {
			isa = XCConfigurationList;
			buildConfigurations = (
				DEF802FD1FFC36C10071E533 /* Debug */,
				DEF802FE1FFC36C10071E533 /* Release */,
			);
			defaultConfigurationIsVisible = 0;
			defaultConfigurationName = Release;
		};
		DEF802FF1FFC36C10071E533 /* Build configuration list for PBXNativeTarget "Cat YearsUITests" */ = {
			isa = XCConfigurationList;
			buildConfigurations = (
				DEF803001FFC36C10071E533 /* Debug */,
				DEF803011FFC36C10071E533 /* Release */,
			);
			defaultConfigurationIsVisible = 0;
			defaultConfigurationName = Release;
		};
/* End XCConfigurationList section */
	};
	rootObject = DEF802C91FFC36C10071E533 /* Project object */;
}
